
Microsoft Visual Studio Solution File, Format Version 12.00
# Visual Studio Version 18
VisualStudioVersion = 18.1.11312.151
MinimumVisualStudioVersion = 10.0.40219.1
Project("{FAE04EC0-301F-11D3-BF4B-00C04F79EFBC}") = "CastleDefenseGame2", "CastleDefenseGame2\CastleDefenseGame2.csproj", "{5A5CE658-88BF-4154-BEB6-98C1D8369950}"
EndProject
Project("{FAE04EC0-301F-11D3-BF4B-00C04F79EFBC}") = "CastleDefense.Engine", "CastleDefense.Engine\CastleDefense.Engine.csproj", "{541C17F0-69F9-4071-8D2E-6C19AAB45A26}"
EndProject
Global
	GlobalSection(SolutionConfigurationPlatforms) = preSolution
		Debug|Any CPU = Debug|Any CPU
		Release|Any CPU = Release|Any CPU
	EndGlobalSection
	GlobalSection(ProjectConfigurationPlatforms) = postSolution
		{5A5CE658-88BF-4154-BEB6-98C1D8369950}.Debug|Any CPU.ActiveCfg = Debug|Any CPU
		{5A5CE658-88BF-4154-BEB6-98C1D8369950}.Debug|Any CPU.Build.0 = Debug|Any CPU
		{5A5CE658-88BF-4154-BEB6-98C1D8369950}.Release|Any CPU.ActiveCfg = Release|Any CPU
		{5A5CE658-88BF-4154-BEB6-98C1D8369950}.Release|Any CPU.Build.0 = Release|Any CPU
		{541C17F0-69F9-4071-8D2E-6C19AAB45A26}.Debug|Any CPU.ActiveCfg = Debug|Any CPU
		{541C17F0-69F9-4071-8D2E-6C19AAB45A26}.Debug|Any CPU.Build.0 = Debug|Any CPU
		{541C17F0-69F9-4071-8D2E-6C19AAB45A26}.Release|Any CPU.ActiveCfg = Release|Any CPU
		{541C17F0-69F9-4071-8D2E-6C19AAB45A26}.Release|Any CPU.Build.0 = Release|Any CPU
	EndGlobalSection
	GlobalSection(SolutionProperties) = preSolution
		HideSolutionNode = FALSE
	EndGlobalSection
	GlobalSection(ExtensibilityGlobals) = postSolution
		SolutionGuid = {D0357390-476B-4199-8BEA-1F4C0E0F83EA}
	EndGlobalSection
EndGlobal
